
Microsoft Visual Studio Solution File, Format Version 12.00
# Visual Studio Version 17
VisualStudioVersion = 17.2.32505.173
MinimumVisualStudioVersion = 10.0.40219.1
Project("{9A19103F-16F7-4668-BE54-9A1E7A4F7556}") = "TwoPools", "src\TwoPools.csproj", "{46D34D5F-32CE-40A9-9B81-8D8A74BC24CF}"
EndProject
Global
	GlobalSection(SolutionConfigurationPlatforms) = preSolution
		Debug|Any CPU = Debug|Any CPU
		Release|Any CPU = Release|Any CPU
	EndGlobalSection
	GlobalSection(ProjectConfigurationPlatforms) = postSolution
		{46D34D5F-32CE-40A9-9B81-8D8A74BC24CF}.Debug|Any CPU.ActiveCfg = Debug|Any CPU
		{46D34D5F-32CE-40A9-9B81-8D8A74BC24CF}.Debug|Any CPU.Build.0 = Debug|Any CPU
		{46D34D5F-32CE-40A9-9B81-8D8A74BC24CF}.Release|Any CPU.ActiveCfg = Release|Any CPU
		{46D34D5F-32CE-40A9-9B81-8D8A74BC24CF}.Release|Any CPU.Build.0 = Release|Any CPU
	EndGlobalSection
	GlobalSection(SolutionProperties) = preSolution
		HideSolutionNode = FALSE
	EndGlobalSection
	GlobalSection(ExtensibilityGlobals) = postSolution
		SolutionGuid = {49183E94-0925-456C-B0F1-F822ACD79A01}
	EndGlobalSection
EndGlobal
